<?xml version="1.0" encoding="utf-8"?>
<Project ToolsVersion="4.0" xmlns="http://schemas.microsoft.com/developer/msbuild/2003">
  <ItemGroup>
    <Filter Include="Resource Files">
      <UniqueIdentifier>{67DA6AB6-F800-4c08-8B7A-83BB121AAD01}</UniqueIdentifier>
      <Extensions>rc;ico;cur;bmp;dlg;rc2;rct;bin;rgs;gif;jpg;jpeg;jpe;resx;tiff;tif;png;wav;mfcribbon-ms</Extensions>
    </Filter>
    <Filter Include="Active Directory">
      <UniqueIdentifier>{a119b3b5-cf54-4370-9891-5d0a90f89569}</UniqueIdentifier>
    </Filter>
    <Filter Include="Registry">
      <UniqueIdentifier>{0d0c0cfc-bad6-41e1-9dfc-dfd363f35288}</UniqueIdentifier>
    </Filter>
    <Filter Include="XML">
      <UniqueIdentifier>{c35aaf28-b7a1-4af7-ab58-26e9d1027abb}</UniqueIdentifier>
    </Filter>
    <Filter Include="MAPI">
      <UniqueIdentifier>{48ae9b0e-eea4-4586-8ee3-b63f89f7144b}</UniqueIdentifier>
    </Filter>
    <Filter Include="Logger">
      <UniqueIdentifier>{baee9ab7-e91e-4f1f-a21c-139b9af1aaa1}</UniqueIdentifier>
    </Filter>
    <Filter Include="Utility">
      <UniqueIdentifier>{9cfa2971-0b37-45fd-a8b0-1de62e460f24}</UniqueIdentifier>
    </Filter>
    <Filter Include="MAPI\Profile">
      <UniqueIdentifier>{8a50acd4-6c49-43f8-9463-2992be89ec94}</UniqueIdentifier>
    </Filter>
    <Filter Include="OutlookAccount">
      <UniqueIdentifier>{04e18d9c-187b-4aa0-bd43-ed5da4d48955}</UniqueIdentifier>
    </Filter>
    <Filter Include="MapiStubLibrary">
      <UniqueIdentifier>{c13d50cf-0052-41bf-9aaf-e13921548fad}</UniqueIdentifier>
    </Filter>
    <Filter Include="AddressBook">
      <UniqueIdentifier>{e18f0158-345d-4cec-9648-b40417484f8e}</UniqueIdentifier>
    </Filter>
  </ItemGroup>
  <ItemGroup>
    <Text Include="ReadMe.txt" />
  </ItemGroup>
  <ItemGroup>
    <ClInclude Include="MapiProfileToolkit.h" />
    <ClInclude Include="stdafx.h" />
    <ClInclude Include="ToolkitObjects.h" />
    <ClInclude Include="targetver.h" />
    <ClInclude Include="XMLHelper.h">
      <Filter>XML</Filter>
    </ClInclude>
    <ClInclude Include="XMLHelper2.h">
      <Filter>XML</Filter>
    </ClInclude>
    <ClInclude Include="XmlParser.h">
      <Filter>XML</Filter>
    </ClInclude>
    <ClInclude Include="MAPIObjects.h">
      <Filter>MAPI</Filter>
    </ClInclude>
    <ClInclude Include="Logger.h">
      <Filter>Logger</Filter>
    </ClInclude>
    <ClInclude Include="EdkMdb.h" />
    <ClInclude Include="abhelp.h" />
    <ClInclude Include="resource.h" />
    <ClInclude Include="ExtraMAPIDefs.h">
      <Filter>MAPI</Filter>
    </ClInclude>
    <ClInclude Include="AddressBook\LdapABManager.h">
      <Filter>AddressBook</Filter>
    </ClInclude>
    <ClInclude Include="AddressBook\ConfigXmlParser.h">
      <Filter>AddressBook</Filter>
    </ClInclude>
    <ClInclude Include="AddressBook\ABProviderObjects.h">
      <Filter>AddressBook</Filter>
    </ClInclude>
    <ClInclude Include="Profile\Profile.h">
      <Filter>MAPI\Profile</Filter>
    </ClInclude>
    <ClInclude Include="Profile\PST.h">
      <Filter>MAPI\Profile</Filter>
    </ClInclude>
    <ClInclude Include="Profile\LdapAb.h">
      <Filter>MAPI\Profile</Filter>
    </ClInclude>
    <ClInclude Include="Profile\ExchangeAccount.h">
      <Filter>MAPI\Profile</Filter>
    </ClInclude>
    <ClInclude Include="Profile\CachedMode.h">
      <Filter>MAPI\Profile</Filter>
    </ClInclude>
    <ClInclude Include="Profile\AdditionalMailbox.h">
      <Filter>MAPI\Profile</Filter>
    </ClInclude>
    <ClInclude Include="Account\AccountFunctions.h">
      <Filter>OutlookAccount</Filter>
    </ClInclude>
    <ClInclude Include="Account\AccountHelper.h">
      <Filter>OutlookAccount</Filter>
    </ClInclude>
    <ClInclude Include="Account\AccountMgmt.h">
      <Filter>OutlookAccount</Filter>
    </ClInclude>
    <ClInclude Include="Account\AccountObjects.h">
      <Filter>OutlookAccount</Filter>
    </ClInclude>
    <ClInclude Include="Misc\Registry\RegistryHelper.h">
      <Filter>Registry</Filter>
    </ClInclude>
    <ClInclude Include="Misc\ADSI\ADHelper.h">
      <Filter>Active Directory</Filter>
    </ClInclude>
    <ClInclude Include="Misc\Utility\StringOperations.h">
      <Filter>Utility</Filter>
    </ClInclude>
  </ItemGroup>
  <ItemGroup>
    <ClCompile Include="MapiProfileToolkit.cpp" />
    <ClCompile Include="stdafx.cpp" />
    <ClCompile Include="Logger.cpp">
      <Filter>Logger</Filter>
    </ClCompile>
    <ClCompile Include="AddressBook\LdapABManager.cpp">
      <Filter>AddressBook</Filter>
    </ClCompile>
    <ClCompile Include="AddressBook\ConfigXmlParser.cpp">
      <Filter>AddressBook</Filter>
    </ClCompile>
    <ClCompile Include="Profile\Profile.cpp">
      <Filter>MAPI\Profile</Filter>
    </ClCompile>
    <ClCompile Include="Profile\PST.cpp">
      <Filter>MAPI\Profile</Filter>
    </ClCompile>
    <ClCompile Include="Profile\LdapAb.cpp">
      <Filter>MAPI\Profile</Filter>
    </ClCompile>
    <ClCompile Include="Profile\ExchangeAccount.cpp">
      <Filter>MAPI\Profile</Filter>
    </ClCompile>
    <ClCompile Include="Profile\CachedMode.cpp">
      <Filter>MAPI\Profile</Filter>
    </ClCompile>
    <ClCompile Include="Profile\AdditionalMailbox.cpp">
      <Filter>MAPI\Profile</Filter>
    </ClCompile>
    <ClCompile Include="Account\AccountFunctions.cpp">
      <Filter>OutlookAccount</Filter>
    </ClCompile>
    <ClCompile Include="Account\AccountHelper.cpp">
      <Filter>OutlookAccount</Filter>
    </ClCompile>
    <ClCompile Include="Misc\Registry\RegistryHelper.cpp">
      <Filter>Registry</Filter>
    </ClCompile>
    <ClCompile Include="Misc\ADSI\ADHelper.cpp">
      <Filter>Active Directory</Filter>
    </ClCompile>
    <ClCompile Include="Misc\Utility\StringOperations.cpp">
      <Filter>Utility</Filter>
    </ClCompile>
  </ItemGroup>
  <ItemGroup>
    <ResourceCompile Include="MapiProfileToolkit.rc">
      <Filter>Resource Files</Filter>
    </ResourceCompile>
  </ItemGroup>
</Project>