<?xml version="1.0" encoding="utf-8"?>
<Project ToolsVersion="4.0" xmlns="http://schemas.microsoft.com/developer/msbuild/2003">
  <ItemGroup>
    <Filter Include="Resource Files">
      <UniqueIdentifier>{67DA6AB6-F800-4c08-8B7A-83BB121AAD01}</UniqueIdentifier>
      <Extensions>rc;ico;cur;bmp;dlg;rc2;rct;bin;rgs;gif;jpg;jpeg;jpe;resx;tiff;tif;png;wav;mfcribbon-ms</Extensions>
    </Filter>
    <Filter Include="Active Directory">
      <UniqueIdentifier>{a119b3b5-cf54-4370-9891-5d0a90f89569}</UniqueIdentifier>
    </Filter>
    <Filter Include="Address Book">
      <UniqueIdentifier>{8ce2d3eb-08bd-487a-9824-597f481c5d00}</UniqueIdentifier>
    </Filter>
    <Filter Include="Outlook Account">
      <UniqueIdentifier>{04e18d9c-187b-4aa0-bd43-ed5da4d48955}</UniqueIdentifier>
    </Filter>
    <Filter Include="Registry">
      <UniqueIdentifier>{0d0c0cfc-bad6-41e1-9dfc-dfd363f35288}</UniqueIdentifier>
    </Filter>
    <Filter Include="XML">
      <UniqueIdentifier>{c35aaf28-b7a1-4af7-ab58-26e9d1027abb}</UniqueIdentifier>
    </Filter>
    <Filter Include="MAPI">
      <UniqueIdentifier>{48ae9b0e-eea4-4586-8ee3-b63f89f7144b}</UniqueIdentifier>
    </Filter>
    <Filter Include="Logger">
      <UniqueIdentifier>{baee9ab7-e91e-4f1f-a21c-139b9af1aaa1}</UniqueIdentifier>
    </Filter>
    <Filter Include="Utility">
      <UniqueIdentifier>{9cfa2971-0b37-45fd-a8b0-1de62e460f24}</UniqueIdentifier>
    </Filter>
  </ItemGroup>
  <ItemGroup>
    <Text Include="ReadMe.txt" />
  </ItemGroup>
  <ItemGroup>
    <ClInclude Include="MapiProfileToolkit.h" />
    <ClInclude Include="stdafx.h" />
    <ClInclude Include="ToolkitObjects.h" />
    <ClInclude Include="targetver.h" />
    <ClInclude Include="ADHelper.h">
      <Filter>Active Directory</Filter>
    </ClInclude>
    <ClInclude Include="AccountFunctions.h">
      <Filter>Outlook Account</Filter>
    </ClInclude>
    <ClInclude Include="AccountHelper.h">
      <Filter>Outlook Account</Filter>
    </ClInclude>
    <ClInclude Include="AccountMgmt.h">
      <Filter>Outlook Account</Filter>
    </ClInclude>
    <ClInclude Include="AccountObjects.h">
      <Filter>Outlook Account</Filter>
    </ClInclude>
    <ClInclude Include="ABProviderObjects.h">
      <Filter>Address Book</Filter>
    </ClInclude>
    <ClInclude Include="ProfileFunctions.h">
      <Filter>MAPI</Filter>
    </ClInclude>
    <ClInclude Include="RegistryHelper.h">
      <Filter>Registry</Filter>
    </ClInclude>
    <ClInclude Include="XMLHelper.h">
      <Filter>XML</Filter>
    </ClInclude>
    <ClInclude Include="XMLHelper2.h">
      <Filter>XML</Filter>
    </ClInclude>
    <ClInclude Include="XmlParser.h">
      <Filter>XML</Filter>
    </ClInclude>
    <ClInclude Include="MAPIObjects.h">
      <Filter>MAPI</Filter>
    </ClInclude>
    <ClInclude Include="Logger.h">
      <Filter>Logger</Filter>
    </ClInclude>
    <ClInclude Include="StringOperations.h">
      <Filter>Utility</Filter>
    </ClInclude>
  </ItemGroup>
  <ItemGroup>
    <ClCompile Include="MapiProfileToolkit.cpp" />
    <ClCompile Include="stdafx.cpp" />
    <ClCompile Include="ADHelper.cpp">
      <Filter>Active Directory</Filter>
    </ClCompile>
    <ClCompile Include="AccountFunctions.cpp">
      <Filter>Outlook Account</Filter>
    </ClCompile>
    <ClCompile Include="AccountHelper.cpp">
      <Filter>Outlook Account</Filter>
    </ClCompile>
    <ClCompile Include="ProfileFunctions.cpp">
      <Filter>MAPI</Filter>
    </ClCompile>
    <ClCompile Include="RegistryHelper.cpp">
      <Filter>Registry</Filter>
    </ClCompile>
    <ClCompile Include="MapiStubLibrary.cpp">
      <Filter>MAPI</Filter>
    </ClCompile>
    <ClCompile Include="StubUtils.cpp">
      <Filter>MAPI</Filter>
    </ClCompile>
    <ClCompile Include="Logger.cpp">
      <Filter>Logger</Filter>
    </ClCompile>
    <ClCompile Include="StringOperations.cpp">
      <Filter>Utility</Filter>
    </ClCompile>
  </ItemGroup>
</Project>